# THIS IS AN AUTOGENERATED FILE. DO NOT EDIT THIS FILE DIRECTLY.
# yarn lockfile v1


vuepress-theme-default-prefers-color-scheme@^2.0.0:
  version "2.0.0"
  resolved "https://registry.yarnpkg.com/vuepress-theme-default-prefers-color-scheme/-/vuepress-theme-default-prefers-color-scheme-2.0.0.tgz#c5d305b1b4d10d0915b4bb413e554966d5171b25"
  integrity sha512-4sA3DCiaIIHVjcIC5+mF00mf29IU27KSH97Ga4xb4nUwwlC6eYHg2qchEVOgV25XogCtGgpZ/DCrTkywxvuBcg==
